
Microsoft Visual Studio Solution File, Format Version 12.00
# Visual Studio Version 17
VisualStudioVersion = 17.4.33213.308
MinimumVisualStudioVersion = 10.0.40219.1
Project("{FAE04EC0-301F-11D3-BF4B-00C04F79EFBC}") = "MisskeyEmojiNotify", "MisskeyEmojiNotify\MisskeyEmojiNotify.csproj", "{03674C5A-CED0-4C31-868F-9DF5A3AFD294}"
EndProject
Global
	GlobalSection(SolutionConfigurationPlatforms) = preSolution
		Debug|Any CPU = Debug|Any CPU
		Release|Any CPU = Release|Any CPU
	EndGlobalSection
	GlobalSection(ProjectConfigurationPlatforms) = postSolution
		{03674C5A-CED0-4C31-868F-9DF5A3AFD294}.Debug|Any CPU.ActiveCfg = Debug|Any CPU
		{03674C5A-CED0-4C31-868F-9DF5A3AFD294}.Debug|Any CPU.Build.0 = Debug|Any CPU
		{03674C5A-CED0-4C31-868F-9DF5A3AFD294}.Release|Any CPU.ActiveCfg = Release|Any CPU
		{03674C5A-CED0-4C31-868F-9DF5A3AFD294}.Release|Any CPU.Build.0 = Release|Any CPU
	EndGlobalSection
	GlobalSection(SolutionProperties) = preSolution
		HideSolutionNode = FALSE
	EndGlobalSection
	GlobalSection(ExtensibilityGlobals) = postSolution
		SolutionGuid = {00C7A91E-013F-46A1-948B-3311C1B05EAE}
	EndGlobalSection
EndGlobal
